// !$*UTF8*$!
{
	archiveVersion = 1;
	classes = {};
	objectVersion = 77;
	objects = {
		AA0000010000000000000001 = {isa = PBXFileReference; lastKnownFileType = wrapper.application; path = EX30iPhoneDashboard.app; sourceTree = BUILT_PRODUCTS_DIR; };
		AA0000010000000000000002 = {isa = PBXFileSystemSynchronizedRootGroup; path = EX30iPhoneDashboard; sourceTree = "<group>"; };
		AA0000010000000000000003 = {isa = PBXGroup; children = (AA0000010000000000000002, AA0000010000000000000004,); sourceTree = "<group>"; };
		AA0000010000000000000004 = {isa = PBXGroup; children = (AA0000010000000000000001,); name = Products; sourceTree = "<group>"; };
		AA0000010000000000000005 = {isa = PBXFrameworksBuildPhase; buildActionMask = 2147483647; files = (); runOnlyForDeploymentPostprocessing = 0; };
		AA0000010000000000000006 = {isa = PBXResourcesBuildPhase; buildActionMask = 2147483647; files = (); runOnlyForDeploymentPostprocessing = 0; };
		AA0000010000000000000007 = {isa = PBXSourcesBuildPhase; buildActionMask = 2147483647; files = (); runOnlyForDeploymentPostprocessing = 0; };
		AA0000010000000000000008 = {isa = PBXNativeTarget; buildConfigurationList = AA0000010000000000000010; buildPhases = (AA0000010000000000000007, AA0000010000000000000005, AA0000010000000000000006,); buildRules = (); dependencies = (); fileSystemSynchronizedGroups = (AA0000010000000000000002,); name = EX30iPhoneDashboard; packageProductDependencies = (); productName = EX30iPhoneDashboard; productReference = AA0000010000000000000001; productType = "com.apple.product-type.application"; };
		AA0000010000000000000009 = {isa = PBXProject; attributes = {BuildIndependentTargetsInParallel = 1; LastSwiftUpdateCheck = 2660; LastUpgradeCheck = 2660; TargetAttributes = {AA0000010000000000000008 = {CreatedOnToolsVersion = 26.6; };};}; buildConfigurationList = AA0000010000000000000011; compatibilityVersion = "Xcode 16.0"; developmentRegion = tr; hasScannedForEncodings = 0; knownRegions = (tr, en, Base,); mainGroup = AA0000010000000000000003; productRefGroup = AA0000010000000000000004; projectDirPath = ""; projectRoot = ""; targets = (AA0000010000000000000008,); };
		AA0000010000000000000010 = {isa = XCConfigurationList; buildConfigurations = (AA0000010000000000000012, AA0000010000000000000013,); defaultConfigurationIsVisible = 0; defaultConfigurationName = Release; };
		AA0000010000000000000011 = {isa = XCConfigurationList; buildConfigurations = (AA0000010000000000000014, AA0000010000000000000015,); defaultConfigurationIsVisible = 0; defaultConfigurationName = Release; };
		AA0000010000000000000012 = {isa = XCBuildConfiguration; buildSettings = {ASSETCATALOG_COMPILER_APPICON_NAME = ""; CODE_SIGN_STYLE = Automatic; CURRENT_PROJECT_VERSION = 1; GENERATE_INFOPLIST_FILE = NO; INFOPLIST_FILE = Info.plist; IPHONEOS_DEPLOYMENT_TARGET = 17.0; MARKETING_VERSION = 1.0; PRODUCT_BUNDLE_IDENTIFIER = com.kadireren.ex30iphonedashboard; PRODUCT_NAME = "$(TARGET_NAME)"; SDKROOT = iphoneos; SWIFT_EMIT_LOC_STRINGS = YES; SWIFT_VERSION = 6.0; TARGETED_DEVICE_FAMILY = 1; }; name = Debug; };
		AA0000010000000000000013 = {isa = XCBuildConfiguration; buildSettings = {ASSETCATALOG_COMPILER_APPICON_NAME = ""; CODE_SIGN_STYLE = Automatic; CURRENT_PROJECT_VERSION = 1; GENERATE_INFOPLIST_FILE = NO; INFOPLIST_FILE = Info.plist; IPHONEOS_DEPLOYMENT_TARGET = 17.0; MARKETING_VERSION = 1.0; PRODUCT_BUNDLE_IDENTIFIER = com.kadireren.ex30iphonedashboard; PRODUCT_NAME = "$(TARGET_NAME)"; SDKROOT = iphoneos; SWIFT_COMPILATION_MODE = wholemodule; SWIFT_EMIT_LOC_STRINGS = YES; SWIFT_VERSION = 6.0; TARGETED_DEVICE_FAMILY = 1; VALIDATE_PRODUCT = YES; }; name = Release; };
		AA0000010000000000000014 = {isa = XCBuildConfiguration; buildSettings = {ALWAYS_SEARCH_USER_PATHS = NO; CLANG_ENABLE_MODULES = YES; CLANG_ENABLE_OBJC_ARC = YES; COPY_PHASE_STRIP = NO; DEBUG_INFORMATION_FORMAT = dwarf; ENABLE_TESTABILITY = YES; GCC_C_LANGUAGE_STANDARD = gnu17; IPHONEOS_DEPLOYMENT_TARGET = 17.0; ONLY_ACTIVE_ARCH = YES; SDKROOT = iphoneos; SWIFT_ACTIVE_COMPILATION_CONDITIONS = "DEBUG $(inherited)"; SWIFT_OPTIMIZATION_LEVEL = "-Onone"; }; name = Debug; };
		AA0000010000000000000015 = {isa = XCBuildConfiguration; buildSettings = {ALWAYS_SEARCH_USER_PATHS = NO; CLANG_ENABLE_MODULES = YES; CLANG_ENABLE_OBJC_ARC = YES; COPY_PHASE_STRIP = YES; DEBUG_INFORMATION_FORMAT = "dwarf-with-dsym"; GCC_C_LANGUAGE_STANDARD = gnu17; IPHONEOS_DEPLOYMENT_TARGET = 17.0; SDKROOT = iphoneos; SWIFT_OPTIMIZATION_LEVEL = "-O"; }; name = Release; };
	};
	rootObject = AA0000010000000000000009;
}
